
Microsoft Visual Studio Solution File, Format Version 12.00
# Visual Studio Version 16
VisualStudioVersion = 16.0.29503.13
MinimumVisualStudioVersion = 10.0.40219.1
Project("{FAE04EC0-301F-11D3-BF4B-00C04F79EFBC}") = "rock paper scissor", "rock paper scissor\rock paper scissor.csproj", "{9CA145C1-7514-4A3A-87DE-81F15EA4ABA3}"
EndProject
Global
	GlobalSection(SolutionConfigurationPlatforms) = preSolution
		Debug|Any CPU = Debug|Any CPU
		Release|Any CPU = Release|Any CPU
	EndGlobalSection
	GlobalSection(ProjectConfigurationPlatforms) = postSolution
		{9CA145C1-7514-4A3A-87DE-81F15EA4ABA3}.Debug|Any CPU.ActiveCfg = Debug|Any CPU
		{9CA145C1-7514-4A3A-87DE-81F15EA4ABA3}.Debug|Any CPU.Build.0 = Debug|Any CPU
		{9CA145C1-7514-4A3A-87DE-81F15EA4ABA3}.Release|Any CPU.ActiveCfg = Release|Any CPU
		{9CA145C1-7514-4A3A-87DE-81F15EA4ABA3}.Release|Any CPU.Build.0 = Release|Any CPU
	EndGlobalSection
	GlobalSection(SolutionProperties) = preSolution
		HideSolutionNode = FALSE
	EndGlobalSection
	GlobalSection(ExtensibilityGlobals) = postSolution
		SolutionGuid = {FCF31AF7-8784-4697-B8D1-3934DC37E8CC}
	EndGlobalSection
EndGlobal
